
Microsoft Visual Studio Solution File, Format Version 12.00
# Visual Studio 14
VisualStudioVersion = 14.0.25123.0
MinimumVisualStudioVersion = 10.0.40219.1
Project("{8BC9CEB8-8B4A-11D0-8D11-00A0C91BC942}") = "1-HelloAIE", "1-HelloAIE\1-HelloAIE.vcxproj", "{E1030CE4-088E-4A33-8A9C-C55BB817B13A}"
EndProject
Project("{8BC9CEB8-8B4A-11D0-8D11-00A0C91BC942}") = "2-Variables", "2-Variables\2-Variables.vcxproj", "{79589171-A430-43B1-AD7D-9864B70EEF88}"
EndProject
Project("{8BC9CEB8-8B4A-11D0-8D11-00A0C91BC942}") = "3-Conditionals", "3-Conditionals\3-Conditionals.vcxproj", "{A90DB766-ED6A-469C-8935-9200EEF0106C}"
EndProject
Project("{8BC9CEB8-8B4A-11D0-8D11-00A0C91BC942}") = "4-Functions", "4-Functions\4-Functions.vcxproj", "{72D602F2-7CD9-4BA0-A755-0DC01CC78C4F}"
EndProject
Project("{8BC9CEB8-8B4A-11D0-8D11-00A0C91BC942}") = "5-Multi-FileProjects", "5-Multi-FileProjects\5-Multi-FileProjects.vcxproj", "{4F2B9A31-4198-4FD7-942B-3BD98E692B0D}"
EndProject
Project("{8BC9CEB8-8B4A-11D0-8D11-00A0C91BC942}") = "6-Loops", "6-Loops\6-Loops.vcxproj", "{5D76F352-EE2C-4686-9BED-0E6FE2A305DF}"
EndProject
Project("{8BC9CEB8-8B4A-11D0-8D11-00A0C91BC942}") = "7-Arrays", "7-Arrays\7-Arrays.vcxproj", "{58948F08-C28D-4FD6-8630-03A1C191F479}"
EndProject
Project("{8BC9CEB8-8B4A-11D0-8D11-00A0C91BC942}") = "8-Structs", "8-Structs\8-Structs.vcxproj", "{FB2EC6D0-789F-4912-89AE-461AFAE4F4D8}"
EndProject
Project("{8BC9CEB8-8B4A-11D0-8D11-00A0C91BC942}") = "9-LottoOfFun", "9-AppStateDevelopment\9-AppStateDevelopment.vcxproj", "{159E3E2F-AABD-448B-893D-9482BD94DB58}"
EndProject
Global
	GlobalSection(SolutionConfigurationPlatforms) = preSolution
		Debug|x64 = Debug|x64
		Debug|x86 = Debug|x86
		Release|x64 = Release|x64
		Release|x86 = Release|x86
	EndGlobalSection
	GlobalSection(ProjectConfigurationPlatforms) = postSolution
		{E1030CE4-088E-4A33-8A9C-C55BB817B13A}.Debug|x64.ActiveCfg = Debug|x64
		{E1030CE4-088E-4A33-8A9C-C55BB817B13A}.Debug|x64.Build.0 = Debug|x64
		{E1030CE4-088E-4A33-8A9C-C55BB817B13A}.Debug|x86.ActiveCfg = Debug|Win32
		{E1030CE4-088E-4A33-8A9C-C55BB817B13A}.Debug|x86.Build.0 = Debug|Win32
		{E1030CE4-088E-4A33-8A9C-C55BB817B13A}.Release|x64.ActiveCfg = Release|x64
		{E1030CE4-088E-4A33-8A9C-C55BB817B13A}.Release|x64.Build.0 = Release|x64
		{E1030CE4-088E-4A33-8A9C-C55BB817B13A}.Release|x86.ActiveCfg = Release|Win32
		{E1030CE4-088E-4A33-8A9C-C55BB817B13A}.Release|x86.Build.0 = Release|Win32
		{79589171-A430-43B1-AD7D-9864B70EEF88}.Debug|x64.ActiveCfg = Debug|x64
		{79589171-A430-43B1-AD7D-9864B70EEF88}.Debug|x64.Build.0 = Debug|x64
		{79589171-A430-43B1-AD7D-9864B70EEF88}.Debug|x86.ActiveCfg = Debug|Win32
		{79589171-A430-43B1-AD7D-9864B70EEF88}.Debug|x86.Build.0 = Debug|Win32
		{79589171-A430-43B1-AD7D-9864B70EEF88}.Release|x64.ActiveCfg = Release|x64
		{79589171-A430-43B1-AD7D-9864B70EEF88}.Release|x64.Build.0 = Release|x64
		{79589171-A430-43B1-AD7D-9864B70EEF88}.Release|x86.ActiveCfg = Release|Win32
		{79589171-A430-43B1-AD7D-9864B70EEF88}.Release|x86.Build.0 = Release|Win32
		{A90DB766-ED6A-469C-8935-9200EEF0106C}.Debug|x64.ActiveCfg = Debug|x64
		{A90DB766-ED6A-469C-8935-9200EEF0106C}.Debug|x64.Build.0 = Debug|x64
		{A90DB766-ED6A-469C-8935-9200EEF0106C}.Debug|x86.ActiveCfg = Debug|Win32
		{A90DB766-ED6A-469C-8935-9200EEF0106C}.Debug|x86.Build.0 = Debug|Win32
		{A90DB766-ED6A-469C-8935-9200EEF0106C}.Release|x64.ActiveCfg = Release|x64
		{A90DB766-ED6A-469C-8935-9200EEF0106C}.Release|x64.Build.0 = Release|x64
		{A90DB766-ED6A-469C-8935-9200EEF0106C}.Release|x86.ActiveCfg = Release|Win32
		{A90DB766-ED6A-469C-8935-9200EEF0106C}.Release|x86.Build.0 = Release|Win32
		{72D602F2-7CD9-4BA0-A755-0DC01CC78C4F}.Debug|x64.ActiveCfg = Debug|x64
		{72D602F2-7CD9-4BA0-A755-0DC01CC78C4F}.Debug|x64.Build.0 = Debug|x64
		{72D602F2-7CD9-4BA0-A755-0DC01CC78C4F}.Debug|x86.ActiveCfg = Debug|Win32
		{72D602F2-7CD9-4BA0-A755-0DC01CC78C4F}.Debug|x86.Build.0 = Debug|Win32
		{72D602F2-7CD9-4BA0-A755-0DC01CC78C4F}.Release|x64.ActiveCfg = Release|x64
		{72D602F2-7CD9-4BA0-A755-0DC01CC78C4F}.Release|x64.Build.0 = Release|x64
		{72D602F2-7CD9-4BA0-A755-0DC01CC78C4F}.Release|x86.ActiveCfg = Release|Win32
		{72D602F2-7CD9-4BA0-A755-0DC01CC78C4F}.Release|x86.Build.0 = Release|Win32
		{4F2B9A31-4198-4FD7-942B-3BD98E692B0D}.Debug|x64.ActiveCfg = Debug|x64
		{4F2B9A31-4198-4FD7-942B-3BD98E692B0D}.Debug|x64.Build.0 = Debug|x64
		{4F2B9A31-4198-4FD7-942B-3BD98E692B0D}.Debug|x86.ActiveCfg = Debug|Win32
		{4F2B9A31-4198-4FD7-942B-3BD98E692B0D}.Debug|x86.Build.0 = Debug|Win32
		{4F2B9A31-4198-4FD7-942B-3BD98E692B0D}.Release|x64.ActiveCfg = Release|x64
		{4F2B9A31-4198-4FD7-942B-3BD98E692B0D}.Release|x64.Build.0 = Release|x64
		{4F2B9A31-4198-4FD7-942B-3BD98E692B0D}.Release|x86.ActiveCfg = Release|Win32
		{4F2B9A31-4198-4FD7-942B-3BD98E692B0D}.Release|x86.Build.0 = Release|Win32
		{5D76F352-EE2C-4686-9BED-0E6FE2A305DF}.Debug|x64.ActiveCfg = Debug|x64
		{5D76F352-EE2C-4686-9BED-0E6FE2A305DF}.Debug|x64.Build.0 = Debug|x64
		{5D76F352-EE2C-4686-9BED-0E6FE2A305DF}.Debug|x86.ActiveCfg = Debug|Win32
		{5D76F352-EE2C-4686-9BED-0E6FE2A305DF}.Debug|x86.Build.0 = Debug|Win32
		{5D76F352-EE2C-4686-9BED-0E6FE2A305DF}.Release|x64.ActiveCfg = Release|x64
		{5D76F352-EE2C-4686-9BED-0E6FE2A305DF}.Release|x64.Build.0 = Release|x64
		{5D76F352-EE2C-4686-9BED-0E6FE2A305DF}.Release|x86.ActiveCfg = Release|Win32
		{5D76F352-EE2C-4686-9BED-0E6FE2A305DF}.Release|x86.Build.0 = Release|Win32
		{58948F08-C28D-4FD6-8630-03A1C191F479}.Debug|x64.ActiveCfg = Debug|x64
		{58948F08-C28D-4FD6-8630-03A1C191F479}.Debug|x64.Build.0 = Debug|x64
		{58948F08-C28D-4FD6-8630-03A1C191F479}.Debug|x86.ActiveCfg = Debug|Win32
		{58948F08-C28D-4FD6-8630-03A1C191F479}.Debug|x86.Build.0 = Debug|Win32
		{58948F08-C28D-4FD6-8630-03A1C191F479}.Release|x64.ActiveCfg = Release|x64
		{58948F08-C28D-4FD6-8630-03A1C191F479}.Release|x64.Build.0 = Release|x64
		{58948F08-C28D-4FD6-8630-03A1C191F479}.Release|x86.ActiveCfg = Release|Win32
		{58948F08-C28D-4FD6-8630-03A1C191F479}.Release|x86.Build.0 = Release|Win32
		{FB2EC6D0-789F-4912-89AE-461AFAE4F4D8}.Debug|x64.ActiveCfg = Debug|x64
		{FB2EC6D0-789F-4912-89AE-461AFAE4F4D8}.Debug|x64.Build.0 = Debug|x64
		{FB2EC6D0-789F-4912-89AE-461AFAE4F4D8}.Debug|x86.ActiveCfg = Debug|Win32
		{FB2EC6D0-789F-4912-89AE-461AFAE4F4D8}.Debug|x86.Build.0 = Debug|Win32
		{FB2EC6D0-789F-4912-89AE-461AFAE4F4D8}.Release|x64.ActiveCfg = Release|x64
		{FB2EC6D0-789F-4912-89AE-461AFAE4F4D8}.Release|x64.Build.0 = Release|x64
		{FB2EC6D0-789F-4912-89AE-461AFAE4F4D8}.Release|x86.ActiveCfg = Release|Win32
		{FB2EC6D0-789F-4912-89AE-461AFAE4F4D8}.Release|x86.Build.0 = Release|Win32
		{159E3E2F-AABD-448B-893D-9482BD94DB58}.Debug|x64.ActiveCfg = Debug|x64
		{159E3E2F-AABD-448B-893D-9482BD94DB58}.Debug|x64.Build.0 = Debug|x64
		{159E3E2F-AABD-448B-893D-9482BD94DB58}.Debug|x86.ActiveCfg = Debug|Win32
		{159E3E2F-AABD-448B-893D-9482BD94DB58}.Debug|x86.Build.0 = Debug|Win32
		{159E3E2F-AABD-448B-893D-9482BD94DB58}.Release|x64.ActiveCfg = Release|x64
		{159E3E2F-AABD-448B-893D-9482BD94DB58}.Release|x64.Build.0 = Release|x64
		{159E3E2F-AABD-448B-893D-9482BD94DB58}.Release|x86.ActiveCfg = Release|Win32
		{159E3E2F-AABD-448B-893D-9482BD94DB58}.Release|x86.Build.0 = Release|Win32
	EndGlobalSection
	GlobalSection(SolutionProperties) = preSolution
		HideSolutionNode = FALSE
	EndGlobalSection
EndGlobal
